
Microsoft Visual Studio Solution File, Format Version 12.00
# Visual Studio Version 16
VisualStudioVersion = 16.0.30406.217
MinimumVisualStudioVersion = 10.0.40219.1
Project("{FAE04EC0-301F-11D3-BF4B-00C04F79EFBC}") = "Overlay", "Overlay\Overlay.csproj", "{A8046A7A-71BA-4F0A-AD93-446B4A6DBEA7}"
EndProject
Project("{FAE04EC0-301F-11D3-BF4B-00C04F79EFBC}") = "Karna.Magnification", "Karna.Magnification\Karna.Magnification.csproj", "{23E96E6A-2CC7-4514-A8DB-E0605B4EFDE9}"
EndProject
Global
	GlobalSection(SolutionConfigurationPlatforms) = preSolution
		Debug|Any CPU = Debug|Any CPU
		Release|Any CPU = Release|Any CPU
	EndGlobalSection
	GlobalSection(ProjectConfigurationPlatforms) = postSolution
		{A8046A7A-71BA-4F0A-AD93-446B4A6DBEA7}.Debug|Any CPU.ActiveCfg = Debug|Any CPU
		{A8046A7A-71BA-4F0A-AD93-446B4A6DBEA7}.Debug|Any CPU.Build.0 = Debug|Any CPU
		{A8046A7A-71BA-4F0A-AD93-446B4A6DBEA7}.Release|Any CPU.ActiveCfg = Release|Any CPU
		{A8046A7A-71BA-4F0A-AD93-446B4A6DBEA7}.Release|Any CPU.Build.0 = Release|Any CPU
		{23E96E6A-2CC7-4514-A8DB-E0605B4EFDE9}.Debug|Any CPU.ActiveCfg = Debug|Any CPU
		{23E96E6A-2CC7-4514-A8DB-E0605B4EFDE9}.Debug|Any CPU.Build.0 = Debug|Any CPU
		{23E96E6A-2CC7-4514-A8DB-E0605B4EFDE9}.Release|Any CPU.ActiveCfg = Release|Any CPU
		{23E96E6A-2CC7-4514-A8DB-E0605B4EFDE9}.Release|Any CPU.Build.0 = Release|Any CPU
	EndGlobalSection
	GlobalSection(SolutionProperties) = preSolution
		HideSolutionNode = FALSE
	EndGlobalSection
	GlobalSection(ExtensibilityGlobals) = postSolution
		SolutionGuid = {1E38C60A-DB8E-4FB9-9CF4-01021624D224}
	EndGlobalSection
EndGlobal
